// !$*UTF8*$!
{
	archiveVersion = 1;
	classes = {
	};
	objectVersion = 48;
	objects = {

/* Begin PBXBuildFile section */
		D19102972090E72C00B540EC /* AppDelegate.swift in Sources */ = {isa = PBXBuildFile; fileRef = D19102962090E72C00B540EC /* AppDelegate.swift */; };
		D19102992090E72C00B540EC /* ViewController.swift in Sources */ = {isa = PBXBuildFile; fileRef = D19102982090E72C00B540EC /* ViewController.swift */; };
		D191029C2090E72C00B540EC /* Main.storyboard in Resources */ = {isa = PBXBuildFile; fileRef = D191029A2090E72C00B540EC /* Main.storyboard */; };
		D191029F2090E72C00B540EC /* CRM.xcdatamodeld in Sources */ = {isa = PBXBuildFile; fileRef = D191029D2090E72C00B540EC /* CRM.xcdatamodeld */; };
		D19102A12090E72C00B540EC /* Assets.xcassets in Resources */ = {isa = PBXBuildFile; fileRef = D19102A02090E72C00B540EC /* Assets.xcassets */; };
		D19102A42090E72C00B540EC /* LaunchScreen.storyboard in Resources */ = {isa = PBXBuildFile; fileRef = D19102A22090E72C00B540EC /* LaunchScreen.storyboard */; };
/* End PBXBuildFile section */

/* Begin PBXFileReference section */
		D19102932090E72C00B540EC /* CRM.app */ = {isa = PBXFileReference; explicitFileType = wrapper.application; includeInIndex = 0; path = CRM.app; sourceTree = BUILT_PRODUCTS_DIR; };
		D19102962090E72C00B540EC /* AppDelegate.swift */ = {isa = PBXFileReference; lastKnownFileType = sourcecode.swift; path = AppDelegate.swift; sourceTree = "<group>"; };
		D19102982090E72C00B540EC /* ViewController.swift */ = {isa = PBXFileReference; lastKnownFileType = sourcecode.swift; path = ViewController.swift; sourceTree = "<group>"; };
		D191029B2090E72C00B540EC /* Base */ = {isa = PBXFileReference; lastKnownFileType = file.storyboard; name = Base; path = Base.lproj/Main.storyboard; sourceTree = "<group>"; };
		D191029E2090E72C00B540EC /* CRM.xcdatamodel */ = {isa = PBXFileReference; lastKnownFileType = wrapper.xcdatamodel; path = CRM.xcdatamodel; sourceTree = "<group>"; };
		D19102A02090E72C00B540EC /* Assets.xcassets */ = {isa = PBXFileReference; lastKnownFileType = folder.assetcatalog; path = Assets.xcassets; sourceTree = "<group>"; };
		D19102A32090E72C00B540EC /* Base */ = {isa = PBXFileReference; lastKnownFileType = file.storyboard; name = Base; path = Base.lproj/LaunchScreen.storyboard; sourceTree = "<group>"; };
		D19102A52090E72C00B540EC /* Info.plist */ = {isa = PBXFileReference; lastKnownFileType = text.plist.xml; path = Info.plist; sourceTree = "<group>"; };
/* End PBXFileReference section */

/* Begin PBXFrameworksBuildPhase section */
		D19102902090E72C00B540EC /* Frameworks */ = {
			isa = PBXFrameworksBuildPhase;
			buildActionMask = 2147483647;
			files = (
			);
			runOnlyForDeploymentPostprocessing = 0;
		};
/* End PBXFrameworksBuildPhase section */

/* Begin PBXGroup section */
		D191028A2090E72B00B540EC = {
			isa = PBXGroup;
			children = (
				D19102952090E72C00B540EC /* CRM */,
				D19102942090E72C00B540EC /* Products */,
			);
			sourceTree = "<group>";
		};
		D19102942090E72C00B540EC /* Products */ = {
			isa = PBXGroup;
			children = (
				D19102932090E72C00B540EC /* CRM.app */,
			);
			name = Products;
			sourceTree = "<group>";
		};
		D19102952090E72C00B540EC /* CRM */ = {
			isa = PBXGroup;
			children = (
				D19102962090E72C00B540EC /* AppDelegate.swift */,
				D19102982090E72C00B540EC /* ViewController.swift */,
				D191029A2090E72C00B540EC /* Main.storyboard */,
				D19102A02090E72C00B540EC /* Assets.xcassets */,
				D19102A22090E72C00B540EC /* LaunchScreen.storyboard */,
				D19102A52090E72C00B540EC /* Info.plist */,
				D191029D2090E72C00B540EC /* CRM.xcdatamodeld */,
			);
			path = CRM;
			sourceTree = "<group>";
		};
/* End PBXGroup section */

/* Begin PBXNativeTarget section */
		D19102922090E72C00B540EC /* CRM */ = {
			isa = PBXNativeTarget;
			buildConfigurationList = D19102A82090E72C00B540EC /* Build configuration list for PBXNativeTarget "CRM" */;
			buildPhases = (
				D191028F2090E72C00B540EC /* Sources */,
				D19102902090E72C00B540EC /* Frameworks */,
				D19102912090E72C00B540EC /* Resources */,
			);
			buildRules = (
			);
			dependencies = (
			);
			name = CRM;
			productName = CRM;
			productReference = D19102932090E72C00B540EC /* CRM.app */;
			productType = "com.apple.product-type.application";
		};
/* End PBXNativeTarget section */

/* Begin PBXProject section */
		D191028B2090E72C00B540EC /* Project object */ = {
			isa = PBXProject;
			attributes = {
				LastSwiftUpdateCheck = 0920;
				LastUpgradeCheck = 0920;
				ORGANIZATIONNAME = "Alexis Diamond";
				TargetAttributes = {
					D19102922090E72C00B540EC = {
						CreatedOnToolsVersion = 9.2;
						ProvisioningStyle = Automatic;
					};
				};
			};
			buildConfigurationList = D191028E2090E72C00B540EC /* Build configuration list for PBXProject "CRM" */;
			compatibilityVersion = "Xcode 8.0";
			developmentRegion = en;
			hasScannedForEncodings = 0;
			knownRegions = (
				en,
				Base,
			);
			mainGroup = D191028A2090E72B00B540EC;
			productRefGroup = D19102942090E72C00B540EC /* Products */;
			projectDirPath = "";
			projectRoot = "";
			targets = (
				D19102922090E72C00B540EC /* CRM */,
			);
		};
/* End PBXProject section */

/* Begin PBXResourcesBuildPhase section */
		D19102912090E72C00B540EC /* Resources */ = {
			isa = PBXResourcesBuildPhase;
			buildActionMask = 2147483647;
			files = (
				D19102A42090E72C00B540EC /* LaunchScreen.storyboard in Resources */,
				D19102A12090E72C00B540EC /* Assets.xcassets in Resources */,
				D191029C2090E72C00B540EC /* Main.storyboard in Resources */,
			);
			runOnlyForDeploymentPostprocessing = 0;
		};
/* End PBXResourcesBuildPhase section */

/* Begin PBXSourcesBuildPhase section */
		D191028F2090E72C00B540EC /* Sources */ = {
			isa = PBXSourcesBuildPhase;
			buildActionMask = 2147483647;
			files = (
				D19102992090E72C00B540EC /* ViewController.swift in Sources */,
				D19102972090E72C00B540EC /* AppDelegate.swift in Sources */,
				D191029F2090E72C00B540EC /* CRM.xcdatamodeld in Sources */,
			);
			runOnlyForDeploymentPostprocessing = 0;
		};
/* End PBXSourcesBuildPhase section */

/* Begin PBXVariantGroup section */
		D191029A2090E72C00B540EC /* Main.storyboard */ = {
			isa = PBXVariantGroup;
			children = (
				D191029B2090E72C00B540EC /* Base */,
			);
			name = Main.storyboard;
			sourceTree = "<group>";
		};
		D19102A22090E72C00B540EC /* LaunchScreen.storyboard */ = {
			isa = PBXVariantGroup;
			children = (
				D19102A32090E72C00B540EC /* Base */,
			);
			name = LaunchScreen.storyboard;
			sourceTree = "<group>";
		};
/* End PBXVariantGroup section */

/* Begin XCBuildConfiguration section */
		D19102A62090E72C00B540EC /* Debug */ = {
			isa = XCBuildConfiguration;
			buildSettings = {
				ALWAYS_SEARCH_USER_PATHS = NO;
				CLANG_ANALYZER_NONNULL = YES;
				CLANG_ANALYZER_NUMBER_OBJECT_CONVERSION = YES_AGGRESSIVE;
				CLANG_CXX_LANGUAGE_STANDARD = "gnu++14";
				CLANG_CXX_LIBRARY = "libc++";
				CLANG_ENABLE_MODULES = YES;
				CLANG_ENABLE_OBJC_ARC = YES;
				CLANG_WARN_BLOCK_CAPTURE_AUTORELEASING = YES;
				CLANG_WARN_BOOL_CONVERSION = YES;
				CLANG_WARN_COMMA = YES;
				CLANG_WARN_CONSTANT_CONVERSION = YES;
				CLANG_WARN_DIRECT_OBJC_ISA_USAGE = YES_ERROR;
				CLANG_WARN_DOCUMENTATION_COMMENTS = YES;
				CLANG_WARN_EMPTY_BODY = YES;
				CLANG_WARN_ENUM_CONVERSION = YES;
				CLANG_WARN_INFINITE_RECURSION = YES;
				CLANG_WARN_INT_CONVERSION = YES;
				CLANG_WARN_NON_LITERAL_NULL_CONVERSION = YES;
				CLANG_WARN_OBJC_LITERAL_CONVERSION = YES;
				CLANG_WARN_OBJC_ROOT_CLASS = YES_ERROR;
				CLANG_WARN_RANGE_LOOP_ANALYSIS = YES;
				CLANG_WARN_STRICT_PROTOTYPES = YES;
				CLANG_WARN_SUSPICIOUS_MOVE = YES;
				CLANG_WARN_UNGUARDED_AVAILABILITY = YES_AGGRESSIVE;
				CLANG_WARN_UNREACHABLE_CODE = YES;
				CLANG_WARN__DUPLICATE_METHOD_MATCH = YES;
				CODE_SIGN_IDENTITY = "iPhone Developer";
				COPY_PHASE_STRIP = NO;
				DEBUG_INFORMATION_FORMAT = dwarf;
				ENABLE_STRICT_OBJC_MSGSEND = YES;
				ENABLE_TESTABILITY = YES;
				GCC_C_LANGUAGE_STANDARD = gnu11;
				GCC_DYNAMIC_NO_PIC = NO;
				GCC_NO_COMMON_BLOCKS = YES;
				GCC_OPTIMIZATION_LEVEL = 0;
				GCC_PREPROCESSOR_DEFINITIONS = (
					"DEBUG=1",
					"$(inherited)",
				);
				GCC_WARN_64_TO_32_BIT_CONVERSION = YES;
				GCC_WARN_ABOUT_RETURN_TYPE = YES_ERROR;
				GCC_WARN_UNDECLARED_SELECTOR = YES;
				GCC_WARN_UNINITIALIZED_AUTOS = YES_AGGRESSIVE;
				GCC_WARN_UNUSED_FUNCTION = YES;
				GCC_WARN_UNUSED_VARIABLE = YES;
				IPHONEOS_DEPLOYMENT_TARGET = 11.2;
				MTL_ENABLE_DEBUG_INFO = YES;
				ONLY_ACTIVE_ARCH = YES;
				SDKROOT = iphoneos;
				SWIFT_ACTIVE_COMPILATION_CONDITIONS = DEBUG;
				SWIFT_OPTIMIZATION_LEVEL = "-Onone";
			};
			name = Debug;
		};
		D19102A72090E72C00B540EC /* Release */ = {
			isa = XCBuildConfiguration;
			buildSettings = {
				ALWAYS_SEARCH_USER_PATHS = NO;
				CLANG_ANALYZER_NONNULL = YES;
				CLANG_ANALYZER_NUMBER_OBJECT_CONVERSION = YES_AGGRESSIVE;
				CLANG_CXX_LANGUAGE_STANDARD = "gnu++14";
				CLANG_CXX_LIBRARY = "libc++";
				CLANG_ENABLE_MODULES = YES;
				CLANG_ENABLE_OBJC_ARC = YES;
				CLANG_WARN_BLOCK_CAPTURE_AUTORELEASING = YES;
				CLANG_WARN_BOOL_CONVERSION = YES;
				CLANG_WARN_COMMA = YES;
				CLANG_WARN_CONSTANT_CONVERSION = YES;
				CLANG_WARN_DIRECT_OBJC_ISA_USAGE = YES_ERROR;
				CLANG_WARN_DOCUMENTATION_COMMENTS = YES;
				CLANG_WARN_EMPTY_BODY = YES;
				CLANG_WARN_ENUM_CONVERSION = YES;
				CLANG_WARN_INFINITE_RECURSION = YES;
				CLANG_WARN_INT_CONVERSION = YES;
				CLANG_WARN_NON_LITERAL_NULL_CONVERSION = YES;
				CLANG_WARN_OBJC_LITERAL_CONVERSION = YES;
				CLANG_WARN_OBJC_ROOT_CLASS = YES_ERROR;
				CLANG_WARN_RANGE_LOOP_ANALYSIS = YES;
				CLANG_WARN_STRICT_PROTOTYPES = YES;
				CLANG_WARN_SUSPICIOUS_MOVE = YES;
				CLANG_WARN_UNGUARDED_AVAILABILITY = YES_AGGRESSIVE;
				CLANG_WARN_UNREACHABLE_CODE = YES;
				CLANG_WARN__DUPLICATE_METHOD_MATCH = YES;
				CODE_SIGN_IDENTITY = "iPhone Developer";
				COPY_PHASE_STRIP = NO;
				DEBUG_INFORMATION_FORMAT = "dwarf-with-dsym";
				ENABLE_NS_ASSERTIONS = NO;
				ENABLE_STRICT_OBJC_MSGSEND = YES;
				GCC_C_LANGUAGE_STANDARD = gnu11;
				GCC_NO_COMMON_BLOCKS = YES;
				GCC_WARN_64_TO_32_BIT_CONVERSION = YES;
				GCC_WARN_ABOUT_RETURN_TYPE = YES_ERROR;
				GCC_WARN_UNDECLARED_SELECTOR = YES;
				GCC_WARN_UNINITIALIZED_AUTOS = YES_AGGRESSIVE;
				GCC_WARN_UNUSED_FUNCTION = YES;
				GCC_WARN_UNUSED_VARIABLE = YES;
				IPHONEOS_DEPLOYMENT_TARGET = 11.2;
				MTL_ENABLE_DEBUG_INFO = NO;
				SDKROOT = iphoneos;
				SWIFT_OPTIMIZATION_LEVEL = "-Owholemodule";
				VALIDATE_PRODUCT = YES;
			};
			name = Release;
		};
		D19102A92090E72C00B540EC /* Debug */ = {
			isa = XCBuildConfiguration;
			buildSettings = {
				ASSETCATALOG_COMPILER_APPICON_NAME = AppIcon;
				CODE_SIGN_STYLE = Automatic;
				INFOPLIST_FILE = CRM/Info.plist;
				LD_RUNPATH_SEARCH_PATHS = "$(inherited) @executable_path/Frameworks";
				PRODUCT_BUNDLE_IDENTIFIER = com.colval.CRM;
				PRODUCT_NAME = "$(TARGET_NAME)";
				SWIFT_VERSION = 4.0;
				TARGETED_DEVICE_FAMILY = "1,2";
			};
			name = Debug;
		};
		D19102AA2090E72C00B540EC /* Release */ = {
			isa = XCBuildConfiguration;
			buildSettings = {
				ASSETCATALOG_COMPILER_APPICON_NAME = AppIcon;
				CODE_SIGN_STYLE = Automatic;
				INFOPLIST_FILE = CRM/Info.plist;
				LD_RUNPATH_SEARCH_PATHS = "$(inherited) @executable_path/Frameworks";
				PRODUCT_BUNDLE_IDENTIFIER = com.colval.CRM;
				PRODUCT_NAME = "$(TARGET_NAME)";
				SWIFT_VERSION = 4.0;
				TARGETED_DEVICE_FAMILY = "1,2";
			};
			name = Release;
		};
/* End XCBuildConfiguration section */

/* Begin XCConfigurationList section */
		D191028E2090E72C00B540EC /* Build configuration list for PBXProject "CRM" */ = {
			isa = XCConfigurationList;
			buildConfigurations = (
				D19102A62090E72C00B540EC /* Debug */,
				D19102A72090E72C00B540EC /* Release */,
			);
			defaultConfigurationIsVisible = 0;
			defaultConfigurationName = Release;
		};
		D19102A82090E72C00B540EC /* Build configuration list for PBXNativeTarget "CRM" */ = {
			isa = XCConfigurationList;
			buildConfigurations = (
				D19102A92090E72C00B540EC /* Debug */,
				D19102AA2090E72C00B540EC /* Release */,
			);
			defaultConfigurationIsVisible = 0;
			defaultConfigurationName = Release;
		};
/* End XCConfigurationList section */

/* Begin XCVersionGroup section */
		D191029D2090E72C00B540EC /* CRM.xcdatamodeld */ = {
			isa = XCVersionGroup;
			children = (
				D191029E2090E72C00B540EC /* CRM.xcdatamodel */,
			);
			currentVersion = D191029E2090E72C00B540EC /* CRM.xcdatamodel */;
			path = CRM.xcdatamodeld;
			sourceTree = "<group>";
			versionGroupType = wrapper.xcdatamodel;
		};
/* End XCVersionGroup section */
	};
	rootObject = D191028B2090E72C00B540EC /* Project object */;
}
