// !$*UTF8*$!
{
	archiveVersion = 1;
	classes = {
	};
	objectVersion = 48;
	objects = {

/* Begin PBXBuildFile section */
		8452BB7120A364E8008D74E0 /* UsersTableViewController.swift in Sources */ = {isa = PBXBuildFile; fileRef = 8452BB7020A364E8008D74E0 /* UsersTableViewController.swift */; };
		8452BB7420A3772F008D74E0 /* NewTicketViewController.swift in Sources */ = {isa = PBXBuildFile; fileRef = 8452BB7320A3772F008D74E0 /* NewTicketViewController.swift */; };
		8452BB7620A388BD008D74E0 /* NewClientViewController.swift in Sources */ = {isa = PBXBuildFile; fileRef = 8452BB7520A388BD008D74E0 /* NewClientViewController.swift */; };
		D114E9E920964E5C0022ACD6 /* TicketsTableViewController.swift in Sources */ = {isa = PBXBuildFile; fileRef = D114E9E820964E5C0022ACD6 /* TicketsTableViewController.swift */; };
		D117B13A2095084300613197 /* AppDelegate.swift in Sources */ = {isa = PBXBuildFile; fileRef = D117B1392095084300613197 /* AppDelegate.swift */; };
		D117B13C2095084300613197 /* ViewController.swift in Sources */ = {isa = PBXBuildFile; fileRef = D117B13B2095084300613197 /* ViewController.swift */; };
		D117B13F2095084300613197 /* Main.storyboard in Resources */ = {isa = PBXBuildFile; fileRef = D117B13D2095084300613197 /* Main.storyboard */; };
		D117B1422095084300613197 /* ticket.xcdatamodeld in Sources */ = {isa = PBXBuildFile; fileRef = D117B1402095084300613197 /* ticket.xcdatamodeld */; };
		D117B1442095084300613197 /* Assets.xcassets in Resources */ = {isa = PBXBuildFile; fileRef = D117B1432095084300613197 /* Assets.xcassets */; };
		D117B1472095084300613197 /* LaunchScreen.storyboard in Resources */ = {isa = PBXBuildFile; fileRef = D117B1452095084300613197 /* LaunchScreen.storyboard */; };
		D1D63FC6209E27C500536DD3 /* Ticket.swift in Sources */ = {isa = PBXBuildFile; fileRef = D1D63FC5209E27C500536DD3 /* Ticket.swift */; };
		D1D63FC8209E28E100536DD3 /* User.swift in Sources */ = {isa = PBXBuildFile; fileRef = D1D63FC7209E28E100536DD3 /* User.swift */; };
		D1D63FCA209E2C2600536DD3 /* TicketUpdate.swift in Sources */ = {isa = PBXBuildFile; fileRef = D1D63FC9209E2C2600536DD3 /* TicketUpdate.swift */; };
		D1D63FCC209E34F200536DD3 /* Repository.swift in Sources */ = {isa = PBXBuildFile; fileRef = D1D63FCB209E34F200536DD3 /* Repository.swift */; };
/* End PBXBuildFile section */

/* Begin PBXFileReference section */
		8452BB7020A364E8008D74E0 /* UsersTableViewController.swift */ = {isa = PBXFileReference; lastKnownFileType = sourcecode.swift; path = UsersTableViewController.swift; sourceTree = "<group>"; };
		8452BB7320A3772F008D74E0 /* NewTicketViewController.swift */ = {isa = PBXFileReference; lastKnownFileType = sourcecode.swift; path = NewTicketViewController.swift; sourceTree = "<group>"; };
		8452BB7520A388BD008D74E0 /* NewClientViewController.swift */ = {isa = PBXFileReference; lastKnownFileType = sourcecode.swift; path = NewClientViewController.swift; sourceTree = "<group>"; };
		D114E9E820964E5C0022ACD6 /* TicketsTableViewController.swift */ = {isa = PBXFileReference; lastKnownFileType = sourcecode.swift; path = TicketsTableViewController.swift; sourceTree = "<group>"; };
		D117B1362095084300613197 /* ticket.app */ = {isa = PBXFileReference; explicitFileType = wrapper.application; includeInIndex = 0; path = ticket.app; sourceTree = BUILT_PRODUCTS_DIR; };
		D117B1392095084300613197 /* AppDelegate.swift */ = {isa = PBXFileReference; lastKnownFileType = sourcecode.swift; path = AppDelegate.swift; sourceTree = "<group>"; };
		D117B13B2095084300613197 /* ViewController.swift */ = {isa = PBXFileReference; lastKnownFileType = sourcecode.swift; path = ViewController.swift; sourceTree = "<group>"; };
		D117B13E2095084300613197 /* Base */ = {isa = PBXFileReference; lastKnownFileType = file.storyboard; name = Base; path = Base.lproj/Main.storyboard; sourceTree = "<group>"; };
		D117B1412095084300613197 /* ticket.xcdatamodel */ = {isa = PBXFileReference; lastKnownFileType = wrapper.xcdatamodel; path = ticket.xcdatamodel; sourceTree = "<group>"; };
		D117B1432095084300613197 /* Assets.xcassets */ = {isa = PBXFileReference; lastKnownFileType = folder.assetcatalog; path = Assets.xcassets; sourceTree = "<group>"; };
		D117B1462095084300613197 /* Base */ = {isa = PBXFileReference; lastKnownFileType = file.storyboard; name = Base; path = Base.lproj/LaunchScreen.storyboard; sourceTree = "<group>"; };
		D117B1482095084300613197 /* Info.plist */ = {isa = PBXFileReference; lastKnownFileType = text.plist.xml; path = Info.plist; sourceTree = "<group>"; };
		D1D63FC5209E27C500536DD3 /* Ticket.swift */ = {isa = PBXFileReference; lastKnownFileType = sourcecode.swift; path = Ticket.swift; sourceTree = "<group>"; };
		D1D63FC7209E28E100536DD3 /* User.swift */ = {isa = PBXFileReference; lastKnownFileType = sourcecode.swift; path = User.swift; sourceTree = "<group>"; };
		D1D63FC9209E2C2600536DD3 /* TicketUpdate.swift */ = {isa = PBXFileReference; lastKnownFileType = sourcecode.swift; path = TicketUpdate.swift; sourceTree = "<group>"; };
		D1D63FCB209E34F200536DD3 /* Repository.swift */ = {isa = PBXFileReference; lastKnownFileType = sourcecode.swift; path = Repository.swift; sourceTree = "<group>"; };
/* End PBXFileReference section */

/* Begin PBXFrameworksBuildPhase section */
		D117B1332095084300613197 /* Frameworks */ = {
			isa = PBXFrameworksBuildPhase;
			buildActionMask = 2147483647;
			files = (
			);
			runOnlyForDeploymentPostprocessing = 0;
		};
/* End PBXFrameworksBuildPhase section */

/* Begin PBXGroup section */
		D117B12D2095084300613197 = {
			isa = PBXGroup;
			children = (
				D117B1382095084300613197 /* ticket */,
				D117B1372095084300613197 /* Products */,
			);
			sourceTree = "<group>";
		};
		D117B1372095084300613197 /* Products */ = {
			isa = PBXGroup;
			children = (
				D117B1362095084300613197 /* ticket.app */,
			);
			name = Products;
			sourceTree = "<group>";
		};
		D117B1382095084300613197 /* ticket */ = {
			isa = PBXGroup;
			children = (
				D1E331512095097F00788467 /* Model */,
				D1E331502095097600788467 /* Controller */,
				D1E3314F2095096500788467 /* View */,
				D117B1392095084300613197 /* AppDelegate.swift */,
				D117B1432095084300613197 /* Assets.xcassets */,
				D117B1482095084300613197 /* Info.plist */,
				D117B1402095084300613197 /* ticket.xcdatamodeld */,
			);
			path = ticket;
			sourceTree = "<group>";
		};
		D1E3314F2095096500788467 /* View */ = {
			isa = PBXGroup;
			children = (
				D117B13D2095084300613197 /* Main.storyboard */,
				D117B1452095084300613197 /* LaunchScreen.storyboard */,
			);
			path = View;
			sourceTree = "<group>";
		};
		D1E331502095097600788467 /* Controller */ = {
			isa = PBXGroup;
			children = (
				D117B13B2095084300613197 /* ViewController.swift */,
				D114E9E820964E5C0022ACD6 /* TicketsTableViewController.swift */,
				8452BB7020A364E8008D74E0 /* UsersTableViewController.swift */,
				8452BB7320A3772F008D74E0 /* NewTicketViewController.swift */,
				8452BB7520A388BD008D74E0 /* NewClientViewController.swift */,
			);
			path = Controller;
			sourceTree = "<group>";
		};
		D1E331512095097F00788467 /* Model */ = {
			isa = PBXGroup;
			children = (
				D1D63FC5209E27C500536DD3 /* Ticket.swift */,
				D1D63FC7209E28E100536DD3 /* User.swift */,
				D1D63FC9209E2C2600536DD3 /* TicketUpdate.swift */,
				D1D63FCB209E34F200536DD3 /* Repository.swift */,
			);
			path = Model;
			sourceTree = "<group>";
		};
/* End PBXGroup section */

/* Begin PBXNativeTarget section */
		D117B1352095084300613197 /* ticket */ = {
			isa = PBXNativeTarget;
			buildConfigurationList = D117B14B2095084300613197 /* Build configuration list for PBXNativeTarget "ticket" */;
			buildPhases = (
				D117B1322095084300613197 /* Sources */,
				D117B1332095084300613197 /* Frameworks */,
				D117B1342095084300613197 /* Resources */,
			);
			buildRules = (
			);
			dependencies = (
			);
			name = ticket;
			productName = ticket;
			productReference = D117B1362095084300613197 /* ticket.app */;
			productType = "com.apple.product-type.application";
		};
/* End PBXNativeTarget section */

/* Begin PBXProject section */
		D117B12E2095084300613197 /* Project object */ = {
			isa = PBXProject;
			attributes = {
				LastSwiftUpdateCheck = 0920;
				LastUpgradeCheck = 0920;
				ORGANIZATIONNAME = "Alexis Diamond";
				TargetAttributes = {
					D117B1352095084300613197 = {
						CreatedOnToolsVersion = 9.2;
						ProvisioningStyle = Automatic;
					};
				};
			};
			buildConfigurationList = D117B1312095084300613197 /* Build configuration list for PBXProject "ticket" */;
			compatibilityVersion = "Xcode 8.0";
			developmentRegion = en;
			hasScannedForEncodings = 0;
			knownRegions = (
				en,
				Base,
			);
			mainGroup = D117B12D2095084300613197;
			productRefGroup = D117B1372095084300613197 /* Products */;
			projectDirPath = "";
			projectRoot = "";
			targets = (
				D117B1352095084300613197 /* ticket */,
			);
		};
/* End PBXProject section */

/* Begin PBXResourcesBuildPhase section */
		D117B1342095084300613197 /* Resources */ = {
			isa = PBXResourcesBuildPhase;
			buildActionMask = 2147483647;
			files = (
				D117B1472095084300613197 /* LaunchScreen.storyboard in Resources */,
				D117B1442095084300613197 /* Assets.xcassets in Resources */,
				D117B13F2095084300613197 /* Main.storyboard in Resources */,
			);
			runOnlyForDeploymentPostprocessing = 0;
		};
/* End PBXResourcesBuildPhase section */

/* Begin PBXSourcesBuildPhase section */
		D117B1322095084300613197 /* Sources */ = {
			isa = PBXSourcesBuildPhase;
			buildActionMask = 2147483647;
			files = (
				D117B13C2095084300613197 /* ViewController.swift in Sources */,
				8452BB7420A3772F008D74E0 /* NewTicketViewController.swift in Sources */,
				D117B1422095084300613197 /* ticket.xcdatamodeld in Sources */,
				8452BB7120A364E8008D74E0 /* UsersTableViewController.swift in Sources */,
				D1D63FC8209E28E100536DD3 /* User.swift in Sources */,
				D1D63FCC209E34F200536DD3 /* Repository.swift in Sources */,
				D1D63FC6209E27C500536DD3 /* Ticket.swift in Sources */,
				D117B13A2095084300613197 /* AppDelegate.swift in Sources */,
				D114E9E920964E5C0022ACD6 /* TicketsTableViewController.swift in Sources */,
				D1D63FCA209E2C2600536DD3 /* TicketUpdate.swift in Sources */,
				8452BB7620A388BD008D74E0 /* NewClientViewController.swift in Sources */,
			);
			runOnlyForDeploymentPostprocessing = 0;
		};
/* End PBXSourcesBuildPhase section */

/* Begin PBXVariantGroup section */
		D117B13D2095084300613197 /* Main.storyboard */ = {
			isa = PBXVariantGroup;
			children = (
				D117B13E2095084300613197 /* Base */,
			);
			name = Main.storyboard;
			sourceTree = "<group>";
		};
		D117B1452095084300613197 /* LaunchScreen.storyboard */ = {
			isa = PBXVariantGroup;
			children = (
				D117B1462095084300613197 /* Base */,
			);
			name = LaunchScreen.storyboard;
			sourceTree = "<group>";
		};
/* End PBXVariantGroup section */

/* Begin XCBuildConfiguration section */
		D117B1492095084300613197 /* Debug */ = {
			isa = XCBuildConfiguration;
			buildSettings = {
				ALWAYS_SEARCH_USER_PATHS = NO;
				CLANG_ANALYZER_NONNULL = YES;
				CLANG_ANALYZER_NUMBER_OBJECT_CONVERSION = YES_AGGRESSIVE;
				CLANG_CXX_LANGUAGE_STANDARD = "gnu++14";
				CLANG_CXX_LIBRARY = "libc++";
				CLANG_ENABLE_MODULES = YES;
				CLANG_ENABLE_OBJC_ARC = YES;
				CLANG_WARN_BLOCK_CAPTURE_AUTORELEASING = YES;
				CLANG_WARN_BOOL_CONVERSION = YES;
				CLANG_WARN_COMMA = YES;
				CLANG_WARN_CONSTANT_CONVERSION = YES;
				CLANG_WARN_DIRECT_OBJC_ISA_USAGE = YES_ERROR;
				CLANG_WARN_DOCUMENTATION_COMMENTS = YES;
				CLANG_WARN_EMPTY_BODY = YES;
				CLANG_WARN_ENUM_CONVERSION = YES;
				CLANG_WARN_INFINITE_RECURSION = YES;
				CLANG_WARN_INT_CONVERSION = YES;
				CLANG_WARN_NON_LITERAL_NULL_CONVERSION = YES;
				CLANG_WARN_OBJC_LITERAL_CONVERSION = YES;
				CLANG_WARN_OBJC_ROOT_CLASS = YES_ERROR;
				CLANG_WARN_RANGE_LOOP_ANALYSIS = YES;
				CLANG_WARN_STRICT_PROTOTYPES = YES;
				CLANG_WARN_SUSPICIOUS_MOVE = YES;
				CLANG_WARN_UNGUARDED_AVAILABILITY = YES_AGGRESSIVE;
				CLANG_WARN_UNREACHABLE_CODE = YES;
				CLANG_WARN__DUPLICATE_METHOD_MATCH = YES;
				CODE_SIGN_IDENTITY = "iPhone Developer";
				COPY_PHASE_STRIP = NO;
				DEBUG_INFORMATION_FORMAT = dwarf;
				ENABLE_STRICT_OBJC_MSGSEND = YES;
				ENABLE_TESTABILITY = YES;
				GCC_C_LANGUAGE_STANDARD = gnu11;
				GCC_DYNAMIC_NO_PIC = NO;
				GCC_NO_COMMON_BLOCKS = YES;
				GCC_OPTIMIZATION_LEVEL = 0;
				GCC_PREPROCESSOR_DEFINITIONS = (
					"DEBUG=1",
					"$(inherited)",
				);
				GCC_WARN_64_TO_32_BIT_CONVERSION = YES;
				GCC_WARN_ABOUT_RETURN_TYPE = YES_ERROR;
				GCC_WARN_UNDECLARED_SELECTOR = YES;
				GCC_WARN_UNINITIALIZED_AUTOS = YES_AGGRESSIVE;
				GCC_WARN_UNUSED_FUNCTION = YES;
				GCC_WARN_UNUSED_VARIABLE = YES;
				IPHONEOS_DEPLOYMENT_TARGET = 11.2;
				MTL_ENABLE_DEBUG_INFO = YES;
				ONLY_ACTIVE_ARCH = YES;
				SDKROOT = iphoneos;
				SWIFT_ACTIVE_COMPILATION_CONDITIONS = DEBUG;
				SWIFT_OPTIMIZATION_LEVEL = "-Onone";
			};
			name = Debug;
		};
		D117B14A2095084300613197 /* Release */ = {
			isa = XCBuildConfiguration;
			buildSettings = {
				ALWAYS_SEARCH_USER_PATHS = NO;
				CLANG_ANALYZER_NONNULL = YES;
				CLANG_ANALYZER_NUMBER_OBJECT_CONVERSION = YES_AGGRESSIVE;
				CLANG_CXX_LANGUAGE_STANDARD = "gnu++14";
				CLANG_CXX_LIBRARY = "libc++";
				CLANG_ENABLE_MODULES = YES;
				CLANG_ENABLE_OBJC_ARC = YES;
				CLANG_WARN_BLOCK_CAPTURE_AUTORELEASING = YES;
				CLANG_WARN_BOOL_CONVERSION = YES;
				CLANG_WARN_COMMA = YES;
				CLANG_WARN_CONSTANT_CONVERSION = YES;
				CLANG_WARN_DIRECT_OBJC_ISA_USAGE = YES_ERROR;
				CLANG_WARN_DOCUMENTATION_COMMENTS = YES;
				CLANG_WARN_EMPTY_BODY = YES;
				CLANG_WARN_ENUM_CONVERSION = YES;
				CLANG_WARN_INFINITE_RECURSION = YES;
				CLANG_WARN_INT_CONVERSION = YES;
				CLANG_WARN_NON_LITERAL_NULL_CONVERSION = YES;
				CLANG_WARN_OBJC_LITERAL_CONVERSION = YES;
				CLANG_WARN_OBJC_ROOT_CLASS = YES_ERROR;
				CLANG_WARN_RANGE_LOOP_ANALYSIS = YES;
				CLANG_WARN_STRICT_PROTOTYPES = YES;
				CLANG_WARN_SUSPICIOUS_MOVE = YES;
				CLANG_WARN_UNGUARDED_AVAILABILITY = YES_AGGRESSIVE;
				CLANG_WARN_UNREACHABLE_CODE = YES;
				CLANG_WARN__DUPLICATE_METHOD_MATCH = YES;
				CODE_SIGN_IDENTITY = "iPhone Developer";
				COPY_PHASE_STRIP = NO;
				DEBUG_INFORMATION_FORMAT = "dwarf-with-dsym";
				ENABLE_NS_ASSERTIONS = NO;
				ENABLE_STRICT_OBJC_MSGSEND = YES;
				GCC_C_LANGUAGE_STANDARD = gnu11;
				GCC_NO_COMMON_BLOCKS = YES;
				GCC_WARN_64_TO_32_BIT_CONVERSION = YES;
				GCC_WARN_ABOUT_RETURN_TYPE = YES_ERROR;
				GCC_WARN_UNDECLARED_SELECTOR = YES;
				GCC_WARN_UNINITIALIZED_AUTOS = YES_AGGRESSIVE;
				GCC_WARN_UNUSED_FUNCTION = YES;
				GCC_WARN_UNUSED_VARIABLE = YES;
				IPHONEOS_DEPLOYMENT_TARGET = 11.2;
				MTL_ENABLE_DEBUG_INFO = NO;
				SDKROOT = iphoneos;
				SWIFT_OPTIMIZATION_LEVEL = "-Owholemodule";
				VALIDATE_PRODUCT = YES;
			};
			name = Release;
		};
		D117B14C2095084300613197 /* Debug */ = {
			isa = XCBuildConfiguration;
			buildSettings = {
				ASSETCATALOG_COMPILER_APPICON_NAME = AppIcon;
				CODE_SIGN_STYLE = Automatic;
				INFOPLIST_FILE = ticket/Info.plist;
				LD_RUNPATH_SEARCH_PATHS = "$(inherited) @executable_path/Frameworks";
				PRODUCT_BUNDLE_IDENTIFIER = diamond.alexis.ticket;
				PRODUCT_NAME = "$(TARGET_NAME)";
				SWIFT_VERSION = 4.0;
				TARGETED_DEVICE_FAMILY = "1,2";
			};
			name = Debug;
		};
		D117B14D2095084300613197 /* Release */ = {
			isa = XCBuildConfiguration;
			buildSettings = {
				ASSETCATALOG_COMPILER_APPICON_NAME = AppIcon;
				CODE_SIGN_STYLE = Automatic;
				INFOPLIST_FILE = ticket/Info.plist;
				LD_RUNPATH_SEARCH_PATHS = "$(inherited) @executable_path/Frameworks";
				PRODUCT_BUNDLE_IDENTIFIER = diamond.alexis.ticket;
				PRODUCT_NAME = "$(TARGET_NAME)";
				SWIFT_VERSION = 4.0;
				TARGETED_DEVICE_FAMILY = "1,2";
			};
			name = Release;
		};
/* End XCBuildConfiguration section */

/* Begin XCConfigurationList section */
		D117B1312095084300613197 /* Build configuration list for PBXProject "ticket" */ = {
			isa = XCConfigurationList;
			buildConfigurations = (
				D117B1492095084300613197 /* Debug */,
				D117B14A2095084300613197 /* Release */,
			);
			defaultConfigurationIsVisible = 0;
			defaultConfigurationName = Release;
		};
		D117B14B2095084300613197 /* Build configuration list for PBXNativeTarget "ticket" */ = {
			isa = XCConfigurationList;
			buildConfigurations = (
				D117B14C2095084300613197 /* Debug */,
				D117B14D2095084300613197 /* Release */,
			);
			defaultConfigurationIsVisible = 0;
			defaultConfigurationName = Release;
		};
/* End XCConfigurationList section */

/* Begin XCVersionGroup section */
		D117B1402095084300613197 /* ticket.xcdatamodeld */ = {
			isa = XCVersionGroup;
			children = (
				D117B1412095084300613197 /* ticket.xcdatamodel */,
			);
			currentVersion = D117B1412095084300613197 /* ticket.xcdatamodel */;
			path = ticket.xcdatamodeld;
			sourceTree = "<group>";
			versionGroupType = wrapper.xcdatamodel;
		};
/* End XCVersionGroup section */
	};
	rootObject = D117B12E2095084300613197 /* Project object */;
}
